
Microsoft Visual Studio Solution File, Format Version 12.00
# Visual Studio 15
VisualStudioVersion = 15.0.28307.1738
MinimumVisualStudioVersion = 10.0.40219.1
Project("{FAE04EC0-301F-11D3-BF4B-00C04F79EFBC}") = "ListHW", "ListHW\ListHW.csproj", "{3B670091-0F55-46B0-9F37-91F598FCB6BB}"
EndProject
Global
	GlobalSection(SolutionConfigurationPlatforms) = preSolution
		Debug|Any CPU = Debug|Any CPU
		Release|Any CPU = Release|Any CPU
	EndGlobalSection
	GlobalSection(ProjectConfigurationPlatforms) = postSolution
		{3B670091-0F55-46B0-9F37-91F598FCB6BB}.Debug|Any CPU.ActiveCfg = Debug|Any CPU
		{3B670091-0F55-46B0-9F37-91F598FCB6BB}.Debug|Any CPU.Build.0 = Debug|Any CPU
		{3B670091-0F55-46B0-9F37-91F598FCB6BB}.Release|Any CPU.ActiveCfg = Release|Any CPU
		{3B670091-0F55-46B0-9F37-91F598FCB6BB}.Release|Any CPU.Build.0 = Release|Any CPU
	EndGlobalSection
	GlobalSection(SolutionProperties) = preSolution
		HideSolutionNode = FALSE
	EndGlobalSection
	GlobalSection(ExtensibilityGlobals) = postSolution
		SolutionGuid = {55B3599A-C3D1-473C-948F-F1383D3D049B}
	EndGlobalSection
EndGlobal
